{
  "name": "mock-challenge-api",
  "version": "1.0.0",
  "lockfileVersion": 1,
  "requires": true,
  "dependencies": {
    "http-json-response": {
      "version": "1.0.1",
      "resolved": "https://registry.npmjs.org/http-json-response/-/http-json-response-1.0.1.tgz",
      "integrity": "sha1-ryQ2POlMcqre78x6rh8nRo7PS3I="
    },
    "lodash": {
      "version": "4.17.19",
      "resolved": "https://registry.npmjs.org/lodash/-/lodash-4.17.19.tgz",
      "integrity": "sha512-JNvd8XER9GQX0v2qJgsaN/mzFCNA5BRe/j8JN9d+tWyGLSodKQHKFicdwNYzWwI3wjRnaKPsGj1XkBjx/F96DQ=="
    }
  }
}
